
Microsoft Visual Studio Solution File, Format Version 11.00
# Visual Studio 2010
Project("{FAE04EC0-301F-11D3-BF4B-00C04F79EFBC}") = "SecretUI", "SecretUI\SecretUI.csproj", "{DAC03575-4C57-4E4E-B838-4ADE6969438A}"
EndProject
Global
	GlobalSection(SolutionConfigurationPlatforms) = preSolution
		Debug|x86 = Debug|x86
		Release|x86 = Release|x86
	EndGlobalSection
	GlobalSection(ProjectConfigurationPlatforms) = postSolution
		{DAC03575-4C57-4E4E-B838-4ADE6969438A}.Debug|x86.ActiveCfg = Debug|x86
		{DAC03575-4C57-4E4E-B838-4ADE6969438A}.Debug|x86.Build.0 = Debug|x86
		{DAC03575-4C57-4E4E-B838-4ADE6969438A}.Release|x86.ActiveCfg = Release|x86
		{DAC03575-4C57-4E4E-B838-4ADE6969438A}.Release|x86.Build.0 = Release|x86
	EndGlobalSection
	GlobalSection(SolutionProperties) = preSolution
		HideSolutionNode = FALSE
	EndGlobalSection
EndGlobal
